Microsoft Visual Studio Solution File, Format Version 12.00
# Visual Studio Version 17
VisualStudioVersion = 17.5.2.0
MinimumVisualStudioVersion = 10.0.40219.1
Project("{FAE04EC0-301F-11D3-BF4B-00C04F79EFBC}") = "151.StudentManagement", "151.StudentManagement\151.StudentManagement.csproj", "{5E0D91F2-63F9-E288-A3C2-EDD04AFD3893}"
EndProject
Global
	GlobalSection(SolutionConfigurationPlatforms) = preSolution
		Debug|Any CPU = Debug|Any CPU
		Release|Any CPU = Release|Any CPU
	EndGlobalSection
	GlobalSection(ProjectConfigurationPlatforms) = postSolution
		{5E0D91F2-63F9-E288-A3C2-EDD04AFD3893}.Debug|Any CPU.ActiveCfg = Debug|Any CPU
		{5E0D91F2-63F9-E288-A3C2-EDD04AFD3893}.Debug|Any CPU.Build.0 = Debug|Any CPU
		{5E0D91F2-63F9-E288-A3C2-EDD04AFD3893}.Release|Any CPU.ActiveCfg = Release|Any CPU
		{5E0D91F2-63F9-E288-A3C2-EDD04AFD3893}.Release|Any CPU.Build.0 = Release|Any CPU
	EndGlobalSection
	GlobalSection(SolutionProperties) = preSolution
		HideSolutionNode = FALSE
	EndGlobalSection
	GlobalSection(ExtensibilityGlobals) = postSolution
		SolutionGuid = {EFE6463C-6914-4BCD-A3A5-58D77CA62383}
	EndGlobalSection
EndGlobal
