Microsoft Visual Studio Solution File, Format Version 12.00
# Visual Studio Version 17
VisualStudioVersion = 17.5.2.0
MinimumVisualStudioVersion = 10.0.40219.1
Project("{FAE04EC0-301F-11D3-BF4B-00C04F79EFBC}") = "JwtDemo", "JwtDemo.csproj", "{04494220-2B11-BD93-B79F-DE4E0AA509FA}"
EndProject
Global
	GlobalSection(SolutionConfigurationPlatforms) = preSolution
		Debug|Any CPU = Debug|Any CPU
		Release|Any CPU = Release|Any CPU
	EndGlobalSection
	GlobalSection(ProjectConfigurationPlatforms) = postSolution
		{04494220-2B11-BD93-B79F-DE4E0AA509FA}.Debug|Any CPU.ActiveCfg = Debug|Any CPU
		{04494220-2B11-BD93-B79F-DE4E0AA509FA}.Debug|Any CPU.Build.0 = Debug|Any CPU
		{04494220-2B11-BD93-B79F-DE4E0AA509FA}.Release|Any CPU.ActiveCfg = Release|Any CPU
		{04494220-2B11-BD93-B79F-DE4E0AA509FA}.Release|Any CPU.Build.0 = Release|Any CPU
	EndGlobalSection
	GlobalSection(SolutionProperties) = preSolution
		HideSolutionNode = FALSE
	EndGlobalSection
	GlobalSection(ExtensibilityGlobals) = postSolution
		SolutionGuid = {576988C6-70AE-4722-BE94-01A52F342679}
	EndGlobalSection
EndGlobal
